
Microsoft Visual Studio Solution File, Format Version 12.00
# Visual Studio Version 17
VisualStudioVersion = 17.6.33829.357
MinimumVisualStudioVersion = 10.0.40219.1
Project("{9A19103F-16F7-4668-BE54-9A1E7A4F7556}") = "LX2CBTWin", "LX2CBTWin.csproj", "{6100D651-3EF3-4325-96AD-9067E10A906E}"
EndProject
Global
	GlobalSection(SolutionConfigurationPlatforms) = preSolution
		Debug|Any CPU = Debug|Any CPU
		Release|Any CPU = Release|Any CPU
	EndGlobalSection
	GlobalSection(ProjectConfigurationPlatforms) = postSolution
		{6100D651-3EF3-4325-96AD-9067E10A906E}.Debug|Any CPU.ActiveCfg = Debug|Any CPU
		{6100D651-3EF3-4325-96AD-9067E10A906E}.Debug|Any CPU.Build.0 = Debug|Any CPU
		{6100D651-3EF3-4325-96AD-9067E10A906E}.Release|Any CPU.ActiveCfg = Release|Any CPU
		{6100D651-3EF3-4325-96AD-9067E10A906E}.Release|Any CPU.Build.0 = Release|Any CPU
	EndGlobalSection
	GlobalSection(SolutionProperties) = preSolution
		HideSolutionNode = FALSE
	EndGlobalSection
	GlobalSection(ExtensibilityGlobals) = postSolution
		SolutionGuid = {CDAE73BC-598B-404A-B281-CC2CA24D3537}
	EndGlobalSection
EndGlobal
